
Microsoft Visual Studio Solution File, Format Version 12.00
# Visual Studio Version 17
VisualStudioVersion = 17.4.33205.214
MinimumVisualStudioVersion = 10.0.40219.1
Project("{FAE04EC0-301F-11D3-BF4B-00C04F79EFBC}") = "TextExtractionPDF", "TextExtractionPDF\TextExtractionPDF.csproj", "{2328ABC2-93FB-4727-880B-9DD304E3870A}"
EndProject
Global
	GlobalSection(SolutionConfigurationPlatforms) = preSolution
		Debug|Any CPU = Debug|Any CPU
		Release|Any CPU = Release|Any CPU
	EndGlobalSection
	GlobalSection(ProjectConfigurationPlatforms) = postSolution
		{2328ABC2-93FB-4727-880B-9DD304E3870A}.Debug|Any CPU.ActiveCfg = Debug|Any CPU
		{2328ABC2-93FB-4727-880B-9DD304E3870A}.Debug|Any CPU.Build.0 = Debug|Any CPU
		{2328ABC2-93FB-4727-880B-9DD304E3870A}.Release|Any CPU.ActiveCfg = Release|Any CPU
		{2328ABC2-93FB-4727-880B-9DD304E3870A}.Release|Any CPU.Build.0 = Release|Any CPU
	EndGlobalSection
	GlobalSection(SolutionProperties) = preSolution
		HideSolutionNode = FALSE
	EndGlobalSection
	GlobalSection(ExtensibilityGlobals) = postSolution
		SolutionGuid = {078DA6AC-F16C-427E-BD48-9A1DB97259FC}
	EndGlobalSection
EndGlobal
